
Microsoft Visual Studio Solution File, Format Version 12.00
# Visual Studio Version 17
VisualStudioVersion = 17.0.31903.59
MinimumVisualStudioVersion = 10.0.40219.1
Project("{FAE04EC0-301F-11D3-BF4B-00C04F79EFBC}") = "WpfApp16.1", "WpfApp16.1.csproj", "{B0D006C9-5288-4382-8AF1-D5D8ABEF9690}"
EndProject
Global
	GlobalSection(SolutionConfigurationPlatforms) = preSolution
		Debug|Any CPU = Debug|Any CPU
		Release|Any CPU = Release|Any CPU
	EndGlobalSection
	GlobalSection(ProjectConfigurationPlatforms) = postSolution
		{B0D006C9-5288-4382-8AF1-D5D8ABEF9690}.Debug|Any CPU.ActiveCfg = Debug|Any CPU
		{B0D006C9-5288-4382-8AF1-D5D8ABEF9690}.Debug|Any CPU.Build.0 = Debug|Any CPU
		{B0D006C9-5288-4382-8AF1-D5D8ABEF9690}.Release|Any CPU.ActiveCfg = Release|Any CPU
		{B0D006C9-5288-4382-8AF1-D5D8ABEF9690}.Release|Any CPU.Build.0 = Release|Any CPU
	EndGlobalSection
	GlobalSection(SolutionProperties) = preSolution
		HideSolutionNode = FALSE
	EndGlobalSection
	GlobalSection(ExtensibilityGlobals) = postSolution
		SolutionGuid = {D2B25B73-A9EF-413C-A157-68A006BCFCBD}
	EndGlobalSection
EndGlobal
